
Microsoft Visual Studio Solution File, Format Version 12.00
# Visual Studio Version 16
VisualStudioVersion = 16.0.28809.33
MinimumVisualStudioVersion = 10.0.40219.1
Project("{9A19103F-16F7-4668-BE54-9A1E7A4F7556}") = "activemq-nms-api", "src\activemq-nms-api.csproj", "{15AA969E-ADA6-4F39-B0F3-8EEC9CB9F83D}"
EndProject
Project("{9A19103F-16F7-4668-BE54-9A1E7A4F7556}") = "activemq-nms-api-tests", "tests\activemq-nms-api-tests.csproj", "{424C6CF7-D4A2-47F3-A134-59A07221AF5F}"
EndProject
Global
	GlobalSection(SolutionConfigurationPlatforms) = preSolution
		Debug|Any CPU = Debug|Any CPU
		Release|Any CPU = Release|Any CPU
	EndGlobalSection
	GlobalSection(ProjectConfigurationPlatforms) = postSolution
		{15AA969E-ADA6-4F39-B0F3-8EEC9CB9F83D}.Debug|Any CPU.ActiveCfg = Debug|Any CPU
		{15AA969E-ADA6-4F39-B0F3-8EEC9CB9F83D}.Debug|Any CPU.Build.0 = Debug|Any CPU
		{15AA969E-ADA6-4F39-B0F3-8EEC9CB9F83D}.Release|Any CPU.ActiveCfg = Release|Any CPU
		{15AA969E-ADA6-4F39-B0F3-8EEC9CB9F83D}.Release|Any CPU.Build.0 = Release|Any CPU
		{424C6CF7-D4A2-47F3-A134-59A07221AF5F}.Debug|Any CPU.ActiveCfg = Debug|Any CPU
		{424C6CF7-D4A2-47F3-A134-59A07221AF5F}.Debug|Any CPU.Build.0 = Debug|Any CPU
		{424C6CF7-D4A2-47F3-A134-59A07221AF5F}.Release|Any CPU.ActiveCfg = Release|Any CPU
		{424C6CF7-D4A2-47F3-A134-59A07221AF5F}.Release|Any CPU.Build.0 = Release|Any CPU
	EndGlobalSection
	GlobalSection(SolutionProperties) = preSolution
		HideSolutionNode = FALSE
	EndGlobalSection
	GlobalSection(ExtensibilityGlobals) = postSolution
		SolutionGuid = {E06CBE62-8844-4756-9C0C-2BF3740E3D0E}
	EndGlobalSection
EndGlobal
